
Microsoft Visual Studio Solution File, Format Version 12.00
# Visual Studio Version 17
VisualStudioVersion = 17.10.35122.118
MinimumVisualStudioVersion = 10.0.40219.1
Project("{9A19103F-16F7-4668-BE54-9A1E7A4F7556}") = "SimpleHttpServer", "SimpleHttpServer\SimpleHttpServer.csproj", "{04DBCA1D-929F-4560-B17F-F030880623B8}"
EndProject
Project("{9A19103F-16F7-4668-BE54-9A1E7A4F7556}") = "AspDotNet", "AspDotNet\AspDotNet.csproj", "{3133EF33-E289-480A-9E2B-4E984D43EDA9}"
EndProject
Global
	GlobalSection(SolutionConfigurationPlatforms) = preSolution
		Debug|Any CPU = Debug|Any CPU
		Release|Any CPU = Release|Any CPU
	EndGlobalSection
	GlobalSection(ProjectConfigurationPlatforms) = postSolution
		{04DBCA1D-929F-4560-B17F-F030880623B8}.Debug|Any CPU.ActiveCfg = Debug|Any CPU
		{04DBCA1D-929F-4560-B17F-F030880623B8}.Debug|Any CPU.Build.0 = Debug|Any CPU
		{04DBCA1D-929F-4560-B17F-F030880623B8}.Release|Any CPU.ActiveCfg = Release|Any CPU
		{04DBCA1D-929F-4560-B17F-F030880623B8}.Release|Any CPU.Build.0 = Release|Any CPU
		{3133EF33-E289-480A-9E2B-4E984D43EDA9}.Debug|Any CPU.ActiveCfg = Debug|Any CPU
		{3133EF33-E289-480A-9E2B-4E984D43EDA9}.Debug|Any CPU.Build.0 = Debug|Any CPU
		{3133EF33-E289-480A-9E2B-4E984D43EDA9}.Release|Any CPU.ActiveCfg = Release|Any CPU
		{3133EF33-E289-480A-9E2B-4E984D43EDA9}.Release|Any CPU.Build.0 = Release|Any CPU
	EndGlobalSection
	GlobalSection(SolutionProperties) = preSolution
		HideSolutionNode = FALSE
	EndGlobalSection
	GlobalSection(ExtensibilityGlobals) = postSolution
		SolutionGuid = {CCAECBBA-C892-484A-BC1A-CFEADE89E4CF}
	EndGlobalSection
EndGlobal
